
Microsoft Visual Studio Solution File, Format Version 12.00
# Visual Studio Version 17
VisualStudioVersion = 17.0.31903.59
MinimumVisualStudioVersion = 10.0.40219.1
Project("{FAE04EC0-301F-11D3-BF4B-00C04F79EFBC}") = "PlantProcess.Domain", "PlantProcess.Domain\PlantProcess.Domain.csproj", "{9C9C9B5B-88E4-44A6-A6D0-9C580A769418}"
EndProject
Project("{FAE04EC0-301F-11D3-BF4B-00C04F79EFBC}") = "PlantProcess.Infrastructure", "PlantProcess.Infrastructure\PlantProcess.Infrastructure.csproj", "{67C65D63-8D4A-4AC6-9BB7-19F1649BEDC5}"
EndProject
Project("{FAE04EC0-301F-11D3-BF4B-00C04F79EFBC}") = "PlantProcess.Workers", "PlantProcess.Workers\PlantProcess.Workers.csproj", "{06344396-98BE-40E9-A81D-3EE9749DFE2F}"
EndProject
Project("{FAE04EC0-301F-11D3-BF4B-00C04F79EFBC}") = "PlantProcess.Api", "PlantProcess.Api\PlantProcess.Api.csproj", "{D5EB1FC6-A370-45DB-8AEA-FD3757735BDF}"
EndProject
Project("{FAE04EC0-301F-11D3-BF4B-00C04F79EFBC}") = "PlantProcess.Application", "PlantProcess.Application\PlantProcess.Application.csproj", "{3EE9AE75-EC05-496D-8604-F4E75026ADBD}"
EndProject
Project("{2150E333-8FDC-42A3-9474-1A3956D46DE8}") = "tests", "tests", "{0AB3BF05-4346-4AA6-1389-037BE0695223}"
EndProject
Project("{FAE04EC0-301F-11D3-BF4B-00C04F79EFBC}") = "PlantProcess.Domain.Tests", "tests\PlantProcess.Domain.Tests\PlantProcess.Domain.Tests.csproj", "{7C7E6FB0-721D-4797-BB7D-84F686AAD354}"
EndProject
Project("{FAE04EC0-301F-11D3-BF4B-00C04F79EFBC}") = "PlantProcess.Application.UnitTests", "tests\PlantProcess.Application.UnitTests\PlantProcess.Application.UnitTests.csproj", "{FE9D77EF-7C15-4189-83CF-095F9FFF4DDE}"
EndProject
Project("{FAE04EC0-301F-11D3-BF4B-00C04F79EFBC}") = "PlantProcess.Infrastructure.IntegrationTests", "tests\PlantProcess.Infrastructure.IntegrationTests\PlantProcess.Infrastructure.IntegrationTests.csproj", "{66DA2A5A-9629-49F2-875A-4F44D7883605}"
EndProject
Project("{FAE04EC0-301F-11D3-BF4B-00C04F79EFBC}") = "PlantProcess.Api.IntegrationTests", "tests\PlantProcess.Api.IntegrationTests\PlantProcess.Api.IntegrationTests.csproj", "{86E54C48-5160-43A4-A304-99D03F66C7BA}"
EndProject
Project("{FAE04EC0-301F-11D3-BF4B-00C04F79EFBC}") = "PlantProcess.PerformanceTests", "tests\PlantProcess.PerformanceTests\PlantProcess.PerformanceTests.csproj", "{1544247D-3C49-44BD-AEE2-26BAA82B5341}"
EndProject
Global
	GlobalSection(SolutionConfigurationPlatforms) = preSolution
		Debug|Any CPU = Debug|Any CPU
		Debug|x64 = Debug|x64
		Debug|x86 = Debug|x86
		Release|Any CPU = Release|Any CPU
		Release|x64 = Release|x64
		Release|x86 = Release|x86
	EndGlobalSection
	GlobalSection(ProjectConfigurationPlatforms) = postSolution
		{9C9C9B5B-88E4-44A6-A6D0-9C580A769418}.Debug|Any CPU.ActiveCfg = Debug|Any CPU
		{9C9C9B5B-88E4-44A6-A6D0-9C580A769418}.Debug|Any CPU.Build.0 = Debug|Any CPU
		{9C9C9B5B-88E4-44A6-A6D0-9C580A769418}.Debug|x64.ActiveCfg = Debug|Any CPU
		{9C9C9B5B-88E4-44A6-A6D0-9C580A769418}.Debug|x64.Build.0 = Debug|Any CPU
		{9C9C9B5B-88E4-44A6-A6D0-9C580A769418}.Debug|x86.ActiveCfg = Debug|Any CPU
		{9C9C9B5B-88E4-44A6-A6D0-9C580A769418}.Debug|x86.Build.0 = Debug|Any CPU
		{9C9C9B5B-88E4-44A6-A6D0-9C580A769418}.Release|Any CPU.ActiveCfg = Release|Any CPU
		{9C9C9B5B-88E4-44A6-A6D0-9C580A769418}.Release|Any CPU.Build.0 = Release|Any CPU
		{9C9C9B5B-88E4-44A6-A6D0-9C580A769418}.Release|x64.ActiveCfg = Release|Any CPU
		{9C9C9B5B-88E4-44A6-A6D0-9C580A769418}.Release|x64.Build.0 = Release|Any CPU
		{9C9C9B5B-88E4-44A6-A6D0-9C580A769418}.Release|x86.ActiveCfg = Release|Any CPU
		{9C9C9B5B-88E4-44A6-A6D0-9C580A769418}.Release|x86.Build.0 = Release|Any CPU
		{67C65D63-8D4A-4AC6-9BB7-19F1649BEDC5}.Debug|Any CPU.ActiveCfg = Debug|Any CPU
		{67C65D63-8D4A-4AC6-9BB7-19F1649BEDC5}.Debug|Any CPU.Build.0 = Debug|Any CPU
		{67C65D63-8D4A-4AC6-9BB7-19F1649BEDC5}.Debug|x64.ActiveCfg = Debug|Any CPU
		{67C65D63-8D4A-4AC6-9BB7-19F1649BEDC5}.Debug|x64.Build.0 = Debug|Any CPU
		{67C65D63-8D4A-4AC6-9BB7-19F1649BEDC5}.Debug|x86.ActiveCfg = Debug|Any CPU
		{67C65D63-8D4A-4AC6-9BB7-19F1649BEDC5}.Debug|x86.Build.0 = Debug|Any CPU
		{67C65D63-8D4A-4AC6-9BB7-19F1649BEDC5}.Release|Any CPU.ActiveCfg = Release|Any CPU
		{67C65D63-8D4A-4AC6-9BB7-19F1649BEDC5}.Release|Any CPU.Build.0 = Release|Any CPU
		{67C65D63-8D4A-4AC6-9BB7-19F1649BEDC5}.Release|x64.ActiveCfg = Release|Any CPU
		{67C65D63-8D4A-4AC6-9BB7-19F1649BEDC5}.Release|x64.Build.0 = Release|Any CPU
		{67C65D63-8D4A-4AC6-9BB7-19F1649BEDC5}.Release|x86.ActiveCfg = Release|Any CPU
		{67C65D63-8D4A-4AC6-9BB7-19F1649BEDC5}.Release|x86.Build.0 = Release|Any CPU
		{06344396-98BE-40E9-A81D-3EE9749DFE2F}.Debug|Any CPU.ActiveCfg = Debug|Any CPU
		{06344396-98BE-40E9-A81D-3EE9749DFE2F}.Debug|Any CPU.Build.0 = Debug|Any CPU
		{06344396-98BE-40E9-A81D-3EE9749DFE2F}.Debug|x64.ActiveCfg = Debug|Any CPU
		{06344396-98BE-40E9-A81D-3EE9749DFE2F}.Debug|x64.Build.0 = Debug|Any CPU
		{06344396-98BE-40E9-A81D-3EE9749DFE2F}.Debug|x86.ActiveCfg = Debug|Any CPU
		{06344396-98BE-40E9-A81D-3EE9749DFE2F}.Debug|x86.Build.0 = Debug|Any CPU
		{06344396-98BE-40E9-A81D-3EE9749DFE2F}.Release|Any CPU.ActiveCfg = Release|Any CPU
		{06344396-98BE-40E9-A81D-3EE9749DFE2F}.Release|Any CPU.Build.0 = Release|Any CPU
		{06344396-98BE-40E9-A81D-3EE9749DFE2F}.Release|x64.ActiveCfg = Release|Any CPU
		{06344396-98BE-40E9-A81D-3EE9749DFE2F}.Release|x64.Build.0 = Release|Any CPU
		{06344396-98BE-40E9-A81D-3EE9749DFE2F}.Release|x86.ActiveCfg = Release|Any CPU
		{06344396-98BE-40E9-A81D-3EE9749DFE2F}.Release|x86.Build.0 = Release|Any CPU
		{D5EB1FC6-A370-45DB-8AEA-FD3757735BDF}.Debug|Any CPU.ActiveCfg = Debug|Any CPU
		{D5EB1FC6-A370-45DB-8AEA-FD3757735BDF}.Debug|Any CPU.Build.0 = Debug|Any CPU
		{D5EB1FC6-A370-45DB-8AEA-FD3757735BDF}.Debug|x64.ActiveCfg = Debug|Any CPU
		{D5EB1FC6-A370-45DB-8AEA-FD3757735BDF}.Debug|x64.Build.0 = Debug|Any CPU
		{D5EB1FC6-A370-45DB-8AEA-FD3757735BDF}.Debug|x86.ActiveCfg = Debug|Any CPU
		{D5EB1FC6-A370-45DB-8AEA-FD3757735BDF}.Debug|x86.Build.0 = Debug|Any CPU
		{D5EB1FC6-A370-45DB-8AEA-FD3757735BDF}.Release|Any CPU.ActiveCfg = Release|Any CPU
		{D5EB1FC6-A370-45DB-8AEA-FD3757735BDF}.Release|Any CPU.Build.0 = Release|Any CPU
		{D5EB1FC6-A370-45DB-8AEA-FD3757735BDF}.Release|x64.ActiveCfg = Release|Any CPU
		{D5EB1FC6-A370-45DB-8AEA-FD3757735BDF}.Release|x64.Build.0 = Release|Any CPU
		{D5EB1FC6-A370-45DB-8AEA-FD3757735BDF}.Release|x86.ActiveCfg = Release|Any CPU
		{D5EB1FC6-A370-45DB-8AEA-FD3757735BDF}.Release|x86.Build.0 = Release|Any CPU
		{3EE9AE75-EC05-496D-8604-F4E75026ADBD}.Debug|Any CPU.ActiveCfg = Debug|Any CPU
		{3EE9AE75-EC05-496D-8604-F4E75026ADBD}.Debug|Any CPU.Build.0 = Debug|Any CPU
		{3EE9AE75-EC05-496D-8604-F4E75026ADBD}.Debug|x64.ActiveCfg = Debug|Any CPU
		{3EE9AE75-EC05-496D-8604-F4E75026ADBD}.Debug|x64.Build.0 = Debug|Any CPU
		{3EE9AE75-EC05-496D-8604-F4E75026ADBD}.Debug|x86.ActiveCfg = Debug|Any CPU
		{3EE9AE75-EC05-496D-8604-F4E75026ADBD}.Debug|x86.Build.0 = Debug|Any CPU
		{3EE9AE75-EC05-496D-8604-F4E75026ADBD}.Release|Any CPU.ActiveCfg = Release|Any CPU
		{3EE9AE75-EC05-496D-8604-F4E75026ADBD}.Release|Any CPU.Build.0 = Release|Any CPU
		{3EE9AE75-EC05-496D-8604-F4E75026ADBD}.Release|x64.ActiveCfg = Release|Any CPU
		{3EE9AE75-EC05-496D-8604-F4E75026ADBD}.Release|x64.Build.0 = Release|Any CPU
		{3EE9AE75-EC05-496D-8604-F4E75026ADBD}.Release|x86.ActiveCfg = Release|Any CPU
		{3EE9AE75-EC05-496D-8604-F4E75026ADBD}.Release|x86.Build.0 = Release|Any CPU
		{7C7E6FB0-721D-4797-BB7D-84F686AAD354}.Debug|Any CPU.ActiveCfg = Debug|Any CPU
		{7C7E6FB0-721D-4797-BB7D-84F686AAD354}.Debug|Any CPU.Build.0 = Debug|Any CPU
		{7C7E6FB0-721D-4797-BB7D-84F686AAD354}.Debug|x64.ActiveCfg = Debug|Any CPU
		{7C7E6FB0-721D-4797-BB7D-84F686AAD354}.Debug|x64.Build.0 = Debug|Any CPU
		{7C7E6FB0-721D-4797-BB7D-84F686AAD354}.Debug|x86.ActiveCfg = Debug|Any CPU
		{7C7E6FB0-721D-4797-BB7D-84F686AAD354}.Debug|x86.Build.0 = Debug|Any CPU
		{7C7E6FB0-721D-4797-BB7D-84F686AAD354}.Release|Any CPU.ActiveCfg = Release|Any CPU
		{7C7E6FB0-721D-4797-BB7D-84F686AAD354}.Release|Any CPU.Build.0 = Release|Any CPU
		{7C7E6FB0-721D-4797-BB7D-84F686AAD354}.Release|x64.ActiveCfg = Release|Any CPU
		{7C7E6FB0-721D-4797-BB7D-84F686AAD354}.Release|x64.Build.0 = Release|Any CPU
		{7C7E6FB0-721D-4797-BB7D-84F686AAD354}.Release|x86.ActiveCfg = Release|Any CPU
		{7C7E6FB0-721D-4797-BB7D-84F686AAD354}.Release|x86.Build.0 = Release|Any CPU
		{FE9D77EF-7C15-4189-83CF-095F9FFF4DDE}.Debug|Any CPU.ActiveCfg = Debug|Any CPU
		{FE9D77EF-7C15-4189-83CF-095F9FFF4DDE}.Debug|Any CPU.Build.0 = Debug|Any CPU
		{FE9D77EF-7C15-4189-83CF-095F9FFF4DDE}.Debug|x64.ActiveCfg = Debug|Any CPU
		{FE9D77EF-7C15-4189-83CF-095F9FFF4DDE}.Debug|x64.Build.0 = Debug|Any CPU
		{FE9D77EF-7C15-4189-83CF-095F9FFF4DDE}.Debug|x86.ActiveCfg = Debug|Any CPU
		{FE9D77EF-7C15-4189-83CF-095F9FFF4DDE}.Debug|x86.Build.0 = Debug|Any CPU
		{FE9D77EF-7C15-4189-83CF-095F9FFF4DDE}.Release|Any CPU.ActiveCfg = Release|Any CPU
		{FE9D77EF-7C15-4189-83CF-095F9FFF4DDE}.Release|Any CPU.Build.0 = Release|Any CPU
		{FE9D77EF-7C15-4189-83CF-095F9FFF4DDE}.Release|x64.ActiveCfg = Release|Any CPU
		{FE9D77EF-7C15-4189-83CF-095F9FFF4DDE}.Release|x64.Build.0 = Release|Any CPU
		{FE9D77EF-7C15-4189-83CF-095F9FFF4DDE}.Release|x86.ActiveCfg = Release|Any CPU
		{FE9D77EF-7C15-4189-83CF-095F9FFF4DDE}.Release|x86.Build.0 = Release|Any CPU
		{66DA2A5A-9629-49F2-875A-4F44D7883605}.Debug|Any CPU.ActiveCfg = Debug|Any CPU
		{66DA2A5A-9629-49F2-875A-4F44D7883605}.Debug|Any CPU.Build.0 = Debug|Any CPU
		{66DA2A5A-9629-49F2-875A-4F44D7883605}.Debug|x64.ActiveCfg = Debug|Any CPU
		{66DA2A5A-9629-49F2-875A-4F44D7883605}.Debug|x64.Build.0 = Debug|Any CPU
		{66DA2A5A-9629-49F2-875A-4F44D7883605}.Debug|x86.ActiveCfg = Debug|Any CPU
		{66DA2A5A-9629-49F2-875A-4F44D7883605}.Debug|x86.Build.0 = Debug|Any CPU
		{66DA2A5A-9629-49F2-875A-4F44D7883605}.Release|Any CPU.ActiveCfg = Release|Any CPU
		{66DA2A5A-9629-49F2-875A-4F44D7883605}.Release|Any CPU.Build.0 = Release|Any CPU
		{66DA2A5A-9629-49F2-875A-4F44D7883605}.Release|x64.ActiveCfg = Release|Any CPU
		{66DA2A5A-9629-49F2-875A-4F44D7883605}.Release|x64.Build.0 = Release|Any CPU
		{66DA2A5A-9629-49F2-875A-4F44D7883605}.Release|x86.ActiveCfg = Release|Any CPU
		{66DA2A5A-9629-49F2-875A-4F44D7883605}.Release|x86.Build.0 = Release|Any CPU
		{86E54C48-5160-43A4-A304-99D03F66C7BA}.Debug|Any CPU.ActiveCfg = Debug|Any CPU
		{86E54C48-5160-43A4-A304-99D03F66C7BA}.Debug|Any CPU.Build.0 = Debug|Any CPU
		{86E54C48-5160-43A4-A304-99D03F66C7BA}.Debug|x64.ActiveCfg = Debug|Any CPU
		{86E54C48-5160-43A4-A304-99D03F66C7BA}.Debug|x64.Build.0 = Debug|Any CPU
		{86E54C48-5160-43A4-A304-99D03F66C7BA}.Debug|x86.ActiveCfg = Debug|Any CPU
		{86E54C48-5160-43A4-A304-99D03F66C7BA}.Debug|x86.Build.0 = Debug|Any CPU
		{86E54C48-5160-43A4-A304-99D03F66C7BA}.Release|Any CPU.ActiveCfg = Release|Any CPU
		{86E54C48-5160-43A4-A304-99D03F66C7BA}.Release|Any CPU.Build.0 = Release|Any CPU
		{86E54C48-5160-43A4-A304-99D03F66C7BA}.Release|x64.ActiveCfg = Release|Any CPU
		{86E54C48-5160-43A4-A304-99D03F66C7BA}.Release|x64.Build.0 = Release|Any CPU
		{86E54C48-5160-43A4-A304-99D03F66C7BA}.Release|x86.ActiveCfg = Release|Any CPU
		{86E54C48-5160-43A4-A304-99D03F66C7BA}.Release|x86.Build.0 = Release|Any CPU
		{1544247D-3C49-44BD-AEE2-26BAA82B5341}.Debug|Any CPU.ActiveCfg = Debug|Any CPU
		{1544247D-3C49-44BD-AEE2-26BAA82B5341}.Debug|Any CPU.Build.0 = Debug|Any CPU
		{1544247D-3C49-44BD-AEE2-26BAA82B5341}.Debug|x64.ActiveCfg = Debug|Any CPU
		{1544247D-3C49-44BD-AEE2-26BAA82B5341}.Debug|x64.Build.0 = Debug|Any CPU
		{1544247D-3C49-44BD-AEE2-26BAA82B5341}.Debug|x86.ActiveCfg = Debug|Any CPU
		{1544247D-3C49-44BD-AEE2-26BAA82B5341}.Debug|x86.Build.0 = Debug|Any CPU
		{1544247D-3C49-44BD-AEE2-26BAA82B5341}.Release|Any CPU.ActiveCfg = Release|Any CPU
		{1544247D-3C49-44BD-AEE2-26BAA82B5341}.Release|Any CPU.Build.0 = Release|Any CPU
		{1544247D-3C49-44BD-AEE2-26BAA82B5341}.Release|x64.ActiveCfg = Release|Any CPU
		{1544247D-3C49-44BD-AEE2-26BAA82B5341}.Release|x64.Build.0 = Release|Any CPU
		{1544247D-3C49-44BD-AEE2-26BAA82B5341}.Release|x86.ActiveCfg = Release|Any CPU
		{1544247D-3C49-44BD-AEE2-26BAA82B5341}.Release|x86.Build.0 = Release|Any CPU
	EndGlobalSection
	GlobalSection(SolutionProperties) = preSolution
		HideSolutionNode = FALSE
	EndGlobalSection
	GlobalSection(NestedProjects) = preSolution
		{7C7E6FB0-721D-4797-BB7D-84F686AAD354} = {0AB3BF05-4346-4AA6-1389-037BE0695223}
		{FE9D77EF-7C15-4189-83CF-095F9FFF4DDE} = {0AB3BF05-4346-4AA6-1389-037BE0695223}
		{66DA2A5A-9629-49F2-875A-4F44D7883605} = {0AB3BF05-4346-4AA6-1389-037BE0695223}
		{86E54C48-5160-43A4-A304-99D03F66C7BA} = {0AB3BF05-4346-4AA6-1389-037BE0695223}
		{1544247D-3C49-44BD-AEE2-26BAA82B5341} = {0AB3BF05-4346-4AA6-1389-037BE0695223}
	EndGlobalSection
EndGlobal
